
Microsoft Visual Studio Solution File, Format Version 12.00
# Visual Studio Version 17
VisualStudioVersion = 17.13.35825.156 d17.13
MinimumVisualStudioVersion = 10.0.40219.1
Project("{FAE04EC0-301F-11D3-BF4B-00C04F79EFBC}") = "ElektricniMotor", "ElektricniMotor\ElektricniMotor.csproj", "{FF6227BC-7E42-465D-9379-0F17D7139FB6}"
EndProject
Project("{FAE04EC0-301F-11D3-BF4B-00C04F79EFBC}") = "Common", "Common\Common.csproj", "{53A8288C-0CBA-4F4E-8D9A-01957D8D5A72}"
EndProject
Project("{FAE04EC0-301F-11D3-BF4B-00C04F79EFBC}") = "Client", "Client\Client.csproj", "{2FE54477-0D2A-42E3-BAB3-65ADEF304D7D}"
EndProject
Global
	GlobalSection(SolutionConfigurationPlatforms) = preSolution
		Debug|Any CPU = Debug|Any CPU
		Release|Any CPU = Release|Any CPU
	EndGlobalSection
	GlobalSection(ProjectConfigurationPlatforms) = postSolution
		{FF6227BC-7E42-465D-9379-0F17D7139FB6}.Debug|Any CPU.ActiveCfg = Debug|Any CPU
		{FF6227BC-7E42-465D-9379-0F17D7139FB6}.Debug|Any CPU.Build.0 = Debug|Any CPU
		{FF6227BC-7E42-465D-9379-0F17D7139FB6}.Release|Any CPU.ActiveCfg = Release|Any CPU
		{FF6227BC-7E42-465D-9379-0F17D7139FB6}.Release|Any CPU.Build.0 = Release|Any CPU
		{53A8288C-0CBA-4F4E-8D9A-01957D8D5A72}.Debug|Any CPU.ActiveCfg = Debug|Any CPU
		{53A8288C-0CBA-4F4E-8D9A-01957D8D5A72}.Debug|Any CPU.Build.0 = Debug|Any CPU
		{53A8288C-0CBA-4F4E-8D9A-01957D8D5A72}.Release|Any CPU.ActiveCfg = Release|Any CPU
		{53A8288C-0CBA-4F4E-8D9A-01957D8D5A72}.Release|Any CPU.Build.0 = Release|Any CPU
		{2FE54477-0D2A-42E3-BAB3-65ADEF304D7D}.Debug|Any CPU.ActiveCfg = Debug|Any CPU
		{2FE54477-0D2A-42E3-BAB3-65ADEF304D7D}.Debug|Any CPU.Build.0 = Debug|Any CPU
		{2FE54477-0D2A-42E3-BAB3-65ADEF304D7D}.Release|Any CPU.ActiveCfg = Release|Any CPU
		{2FE54477-0D2A-42E3-BAB3-65ADEF304D7D}.Release|Any CPU.Build.0 = Release|Any CPU
	EndGlobalSection
	GlobalSection(SolutionProperties) = preSolution
		HideSolutionNode = FALSE
	EndGlobalSection
	GlobalSection(ExtensibilityGlobals) = postSolution
		SolutionGuid = {55B1D189-A4C6-48F7-ABA6-B6B90F8278B4}
	EndGlobalSection
EndGlobal
